// !$*UTF8*$!
{
	archiveVersion = 1;
	classes = {
	};
	objectVersion = 55;
	objects = {

/* Begin PBXBuildFile section */
		4AA2257F274DF5AB0017C2C4 /* AppDelegate.swift in Sources */ = {isa = PBXBuildFile; fileRef = 4AA2257E274DF5AB0017C2C4 /* AppDelegate.swift */; };
		4AA22581274DF5AB0017C2C4 /* SceneDelegate.swift in Sources */ = {isa = PBXBuildFile; fileRef = 4AA22580274DF5AB0017C2C4 /* SceneDelegate.swift */; };
		4AA22583274DF5AB0017C2C4 /* SettingTimerVC.swift in Sources */ = {isa = PBXBuildFile; fileRef = 4AA22582274DF5AB0017C2C4 /* SettingTimerVC.swift */; };
		4AA22588274DF5AC0017C2C4 /* Assets.xcassets in Resources */ = {isa = PBXBuildFile; fileRef = 4AA22587274DF5AC0017C2C4 /* Assets.xcassets */; };
		4AA2258B274DF5AC0017C2C4 /* LaunchScreen.storyboard in Resources */ = {isa = PBXBuildFile; fileRef = 4AA22589274DF5AC0017C2C4 /* LaunchScreen.storyboard */; };
		4AA225AF274DF6450017C2C4 /* RepeatingSecondsTimer.swift in Sources */ = {isa = PBXBuildFile; fileRef = 4AA225AE274DF6450017C2C4 /* RepeatingSecondsTimer.swift */; };
		4AA225B3274DFBC80017C2C4 /* CircularTimerVC.swift in Sources */ = {isa = PBXBuildFile; fileRef = 4AA225B2274DFBC80017C2C4 /* CircularTimerVC.swift */; };
		4AA225B5274DFF3C0017C2C4 /* CircularTimerView.swift in Sources */ = {isa = PBXBuildFile; fileRef = 4AA225B4274DFF3C0017C2C4 /* CircularTimerView.swift */; };
		4AA225BE274E0B370017C2C4 /* TimeInterval.swift in Sources */ = {isa = PBXBuildFile; fileRef = 4AA225BD274E0B370017C2C4 /* TimeInterval.swift */; };
		4AA225C0274E0B940017C2C4 /* Int.swift in Sources */ = {isa = PBXBuildFile; fileRef = 4AA225BF274E0B940017C2C4 /* Int.swift */; };
/* End PBXBuildFile section */

/* Begin PBXContainerItemProxy section */
		4AA22592274DF5AC0017C2C4 /* PBXContainerItemProxy */ = {
			isa = PBXContainerItemProxy;
			containerPortal = 4AA22573274DF5AB0017C2C4 /* Project object */;
			proxyType = 1;
			remoteGlobalIDString = 4AA2257A274DF5AB0017C2C4;
			remoteInfo = ExCircleTimer;
		};
		4AA2259C274DF5AC0017C2C4 /* PBXContainerItemProxy */ = {
			isa = PBXContainerItemProxy;
			containerPortal = 4AA22573274DF5AB0017C2C4 /* Project object */;
			proxyType = 1;
			remoteGlobalIDString = 4AA2257A274DF5AB0017C2C4;
			remoteInfo = ExCircleTimer;
		};
/* End PBXContainerItemProxy section */

/* Begin PBXFileReference section */
		4AA2257B274DF5AB0017C2C4 /* ExCircleTimer.app */ = {isa = PBXFileReference; explicitFileType = wrapper.application; includeInIndex = 0; path = ExCircleTimer.app; sourceTree = BUILT_PRODUCTS_DIR; };
		4AA2257E274DF5AB0017C2C4 /* AppDelegate.swift */ = {isa = PBXFileReference; lastKnownFileType = sourcecode.swift; path = AppDelegate.swift; sourceTree = "<group>"; };
		4AA22580274DF5AB0017C2C4 /* SceneDelegate.swift */ = {isa = PBXFileReference; lastKnownFileType = sourcecode.swift; path = SceneDelegate.swift; sourceTree = "<group>"; };
		4AA22582274DF5AB0017C2C4 /* SettingTimerVC.swift */ = {isa = PBXFileReference; lastKnownFileType = sourcecode.swift; path = SettingTimerVC.swift; sourceTree = "<group>"; };
		4AA22587274DF5AC0017C2C4 /* Assets.xcassets */ = {isa = PBXFileReference; lastKnownFileType = folder.assetcatalog; path = Assets.xcassets; sourceTree = "<group>"; };
		4AA2258A274DF5AC0017C2C4 /* Base */ = {isa = PBXFileReference; lastKnownFileType = file.storyboard; name = Base; path = Base.lproj/LaunchScreen.storyboard; sourceTree = "<group>"; };
		4AA2258C274DF5AC0017C2C4 /* Info.plist */ = {isa = PBXFileReference; lastKnownFileType = text.plist.xml; path = Info.plist; sourceTree = "<group>"; };
		4AA22591274DF5AC0017C2C4 /* ExCircleTimerTests.xctest */ = {isa = PBXFileReference; explicitFileType = wrapper.cfbundle; includeInIndex = 0; path = ExCircleTimerTests.xctest; sourceTree = BUILT_PRODUCTS_DIR; };
		4AA2259B274DF5AC0017C2C4 /* ExCircleTimerUITests.xctest */ = {isa = PBXFileReference; explicitFileType = wrapper.cfbundle; includeInIndex = 0; path = ExCircleTimerUITests.xctest; sourceTree = BUILT_PRODUCTS_DIR; };
		4AA225AE274DF6450017C2C4 /* RepeatingSecondsTimer.swift */ = {isa = PBXFileReference; lastKnownFileType = sourcecode.swift; path = RepeatingSecondsTimer.swift; sourceTree = "<group>"; };
		4AA225B2274DFBC80017C2C4 /* CircularTimerVC.swift */ = {isa = PBXFileReference; lastKnownFileType = sourcecode.swift; path = CircularTimerVC.swift; sourceTree = "<group>"; };
		4AA225B4274DFF3C0017C2C4 /* CircularTimerView.swift */ = {isa = PBXFileReference; lastKnownFileType = sourcecode.swift; path = CircularTimerView.swift; sourceTree = "<group>"; };
		4AA225BD274E0B370017C2C4 /* TimeInterval.swift */ = {isa = PBXFileReference; lastKnownFileType = sourcecode.swift; path = TimeInterval.swift; sourceTree = "<group>"; };
		4AA225BF274E0B940017C2C4 /* Int.swift */ = {isa = PBXFileReference; lastKnownFileType = sourcecode.swift; path = Int.swift; sourceTree = "<group>"; };
/* End PBXFileReference section */

/* Begin PBXFrameworksBuildPhase section */
		4AA22578274DF5AB0017C2C4 /* Frameworks */ = {
			isa = PBXFrameworksBuildPhase;
			buildActionMask = 2147483647;
			files = (
			);
			runOnlyForDeploymentPostprocessing = 0;
		};
		4AA2258E274DF5AC0017C2C4 /* Frameworks */ = {
			isa = PBXFrameworksBuildPhase;
			buildActionMask = 2147483647;
			files = (
			);
			runOnlyForDeploymentPostprocessing = 0;
		};
		4AA22598274DF5AC0017C2C4 /* Frameworks */ = {
			isa = PBXFrameworksBuildPhase;
			buildActionMask = 2147483647;
			files = (
			);
			runOnlyForDeploymentPostprocessing = 0;
		};
/* End PBXFrameworksBuildPhase section */

/* Begin PBXGroup section */
		4AA22572274DF5AB0017C2C4 = {
			isa = PBXGroup;
			children = (
				4AA2257D274DF5AB0017C2C4 /* ExCircleTimer */,
				4AA2257C274DF5AB0017C2C4 /* Products */,
			);
			sourceTree = "<group>";
		};
		4AA2257C274DF5AB0017C2C4 /* Products */ = {
			isa = PBXGroup;
			children = (
				4AA2257B274DF5AB0017C2C4 /* ExCircleTimer.app */,
				4AA22591274DF5AC0017C2C4 /* ExCircleTimerTests.xctest */,
				4AA2259B274DF5AC0017C2C4 /* ExCircleTimerUITests.xctest */,
			);
			name = Products;
			sourceTree = "<group>";
		};
		4AA2257D274DF5AB0017C2C4 /* ExCircleTimer */ = {
			isa = PBXGroup;
			children = (
				4AA225BB274E0B020017C2C4 /* Resource */,
				4AA225BA274E0AF40017C2C4 /* Application */,
				4AA225B9274E0AC40017C2C4 /* Component */,
				4AA225B8274E0AC30017C2C4 /* Model */,
				4AA225B7274E0ABE0017C2C4 /* View */,
				4AA225B6274E0ABB0017C2C4 /* Controller */,
			);
			path = ExCircleTimer;
			sourceTree = "<group>";
		};
		4AA225B6274E0ABB0017C2C4 /* Controller */ = {
			isa = PBXGroup;
			children = (
				4AA22582274DF5AB0017C2C4 /* SettingTimerVC.swift */,
				4AA225B2274DFBC80017C2C4 /* CircularTimerVC.swift */,
			);
			path = Controller;
			sourceTree = "<group>";
		};
		4AA225B7274E0ABE0017C2C4 /* View */ = {
			isa = PBXGroup;
			children = (
				4AA225B4274DFF3C0017C2C4 /* CircularTimerView.swift */,
			);
			path = View;
			sourceTree = "<group>";
		};
		4AA225B8274E0AC30017C2C4 /* Model */ = {
			isa = PBXGroup;
			children = (
			);
			path = Model;
			sourceTree = "<group>";
		};
		4AA225B9274E0AC40017C2C4 /* Component */ = {
			isa = PBXGroup;
			children = (
				4AA225AE274DF6450017C2C4 /* RepeatingSecondsTimer.swift */,
				4AA225BC274E0B2D0017C2C4 /* Extension */,
			);
			path = Component;
			sourceTree = "<group>";
		};
		4AA225BA274E0AF40017C2C4 /* Application */ = {
			isa = PBXGroup;
			children = (
				4AA2257E274DF5AB0017C2C4 /* AppDelegate.swift */,
				4AA22580274DF5AB0017C2C4 /* SceneDelegate.swift */,
			);
			path = Application;
			sourceTree = "<group>";
		};
		4AA225BB274E0B020017C2C4 /* Resource */ = {
			isa = PBXGroup;
			children = (
				4AA22587274DF5AC0017C2C4 /* Assets.xcassets */,
				4AA22589274DF5AC0017C2C4 /* LaunchScreen.storyboard */,
				4AA2258C274DF5AC0017C2C4 /* Info.plist */,
			);
			path = Resource;
			sourceTree = "<group>";
		};
		4AA225BC274E0B2D0017C2C4 /* Extension */ = {
			isa = PBXGroup;
			children = (
				4AA225BD274E0B370017C2C4 /* TimeInterval.swift */,
				4AA225BF274E0B940017C2C4 /* Int.swift */,
			);
			path = Extension;
			sourceTree = "<group>";
		};
/* End PBXGroup section */

/* Begin PBXNativeTarget section */
		4AA2257A274DF5AB0017C2C4 /* ExCircleTimer */ = {
			isa = PBXNativeTarget;
			buildConfigurationList = 4AA225A5274DF5AC0017C2C4 /* Build configuration list for PBXNativeTarget "ExCircleTimer" */;
			buildPhases = (
				4AA22577274DF5AB0017C2C4 /* Sources */,
				4AA22578274DF5AB0017C2C4 /* Frameworks */,
				4AA22579274DF5AB0017C2C4 /* Resources */,
			);
			buildRules = (
			);
			dependencies = (
			);
			name = ExCircleTimer;
			productName = ExCircleTimer;
			productReference = 4AA2257B274DF5AB0017C2C4 /* ExCircleTimer.app */;
			productType = "com.apple.product-type.application";
		};
		4AA22590274DF5AC0017C2C4 /* ExCircleTimerTests */ = {
			isa = PBXNativeTarget;
			buildConfigurationList = 4AA225A8274DF5AC0017C2C4 /* Build configuration list for PBXNativeTarget "ExCircleTimerTests" */;
			buildPhases = (
				4AA2258D274DF5AC0017C2C4 /* Sources */,
				4AA2258E274DF5AC0017C2C4 /* Frameworks */,
				4AA2258F274DF5AC0017C2C4 /* Resources */,
			);
			buildRules = (
			);
			dependencies = (
				4AA22593274DF5AC0017C2C4 /* PBXTargetDependency */,
			);
			name = ExCircleTimerTests;
			productName = ExCircleTimerTests;
			productReference = 4AA22591274DF5AC0017C2C4 /* ExCircleTimerTests.xctest */;
			productType = "com.apple.product-type.bundle.unit-test";
		};
		4AA2259A274DF5AC0017C2C4 /* ExCircleTimerUITests */ = {
			isa = PBXNativeTarget;
			buildConfigurationList = 4AA225AB274DF5AC0017C2C4 /* Build configuration list for PBXNativeTarget "ExCircleTimerUITests" */;
			buildPhases = (
				4AA22597274DF5AC0017C2C4 /* Sources */,
				4AA22598274DF5AC0017C2C4 /* Frameworks */,
				4AA22599274DF5AC0017C2C4 /* Resources */,
			);
			buildRules = (
			);
			dependencies = (
				4AA2259D274DF5AC0017C2C4 /* PBXTargetDependency */,
			);
			name = ExCircleTimerUITests;
			productName = ExCircleTimerUITests;
			productReference = 4AA2259B274DF5AC0017C2C4 /* ExCircleTimerUITests.xctest */;
			productType = "com.apple.product-type.bundle.ui-testing";
		};
/* End PBXNativeTarget section */

/* Begin PBXProject section */
		4AA22573274DF5AB0017C2C4 /* Project object */ = {
			isa = PBXProject;
			attributes = {
				BuildIndependentTargetsInParallel = 1;
				LastSwiftUpdateCheck = 1310;
				LastUpgradeCheck = 1310;
				TargetAttributes = {
					4AA2257A274DF5AB0017C2C4 = {
						CreatedOnToolsVersion = 13.1;
					};
					4AA22590274DF5AC0017C2C4 = {
						CreatedOnToolsVersion = 13.1;
						TestTargetID = 4AA2257A274DF5AB0017C2C4;
					};
					4AA2259A274DF5AC0017C2C4 = {
						CreatedOnToolsVersion = 13.1;
						TestTargetID = 4AA2257A274DF5AB0017C2C4;
					};
				};
			};
			buildConfigurationList = 4AA22576274DF5AB0017C2C4 /* Build configuration list for PBXProject "ExCircleTimer" */;
			compatibilityVersion = "Xcode 13.0";
			developmentRegion = en;
			hasScannedForEncodings = 0;
			knownRegions = (
				en,
				Base,
			);
			mainGroup = 4AA22572274DF5AB0017C2C4;
			productRefGroup = 4AA2257C274DF5AB0017C2C4 /* Products */;
			projectDirPath = "";
			projectRoot = "";
			targets = (
				4AA2257A274DF5AB0017C2C4 /* ExCircleTimer */,
				4AA22590274DF5AC0017C2C4 /* ExCircleTimerTests */,
				4AA2259A274DF5AC0017C2C4 /* ExCircleTimerUITests */,
			);
		};
/* End PBXProject section */

/* Begin PBXResourcesBuildPhase section */
		4AA22579274DF5AB0017C2C4 /* Resources */ = {
			isa = PBXResourcesBuildPhase;
			buildActionMask = 2147483647;
			files = (
				4AA2258B274DF5AC0017C2C4 /* LaunchScreen.storyboard in Resources */,
				4AA22588274DF5AC0017C2C4 /* Assets.xcassets in Resources */,
			);
			runOnlyForDeploymentPostprocessing = 0;
		};
		4AA2258F274DF5AC0017C2C4 /* Resources */ = {
			isa = PBXResourcesBuildPhase;
			buildActionMask = 2147483647;
			files = (
			);
			runOnlyForDeploymentPostprocessing = 0;
		};
		4AA22599274DF5AC0017C2C4 /* Resources */ = {
			isa = PBXResourcesBuildPhase;
			buildActionMask = 2147483647;
			files = (
			);
			runOnlyForDeploymentPostprocessing = 0;
		};
/* End PBXResourcesBuildPhase section */

/* Begin PBXSourcesBuildPhase section */
		4AA22577274DF5AB0017C2C4 /* Sources */ = {
			isa = PBXSourcesBuildPhase;
			buildActionMask = 2147483647;
			files = (
				4AA225BE274E0B370017C2C4 /* TimeInterval.swift in Sources */,
				4AA22583274DF5AB0017C2C4 /* SettingTimerVC.swift in Sources */,
				4AA225AF274DF6450017C2C4 /* RepeatingSecondsTimer.swift in Sources */,
				4AA2257F274DF5AB0017C2C4 /* AppDelegate.swift in Sources */,
				4AA225B5274DFF3C0017C2C4 /* CircularTimerView.swift in Sources */,
				4AA22581274DF5AB0017C2C4 /* SceneDelegate.swift in Sources */,
				4AA225B3274DFBC80017C2C4 /* CircularTimerVC.swift in Sources */,
				4AA225C0274E0B940017C2C4 /* Int.swift in Sources */,
			);
			runOnlyForDeploymentPostprocessing = 0;
		};
		4AA2258D274DF5AC0017C2C4 /* Sources */ = {
			isa = PBXSourcesBuildPhase;
			buildActionMask = 2147483647;
			files = (
			);
			runOnlyForDeploymentPostprocessing = 0;
		};
		4AA22597274DF5AC0017C2C4 /* Sources */ = {
			isa = PBXSourcesBuildPhase;
			buildActionMask = 2147483647;
			files = (
			);
			runOnlyForDeploymentPostprocessing = 0;
		};
/* End PBXSourcesBuildPhase section */

/* Begin PBXTargetDependency section */
		4AA22593274DF5AC0017C2C4 /* PBXTargetDependency */ = {
			isa = PBXTargetDependency;
			target = 4AA2257A274DF5AB0017C2C4 /* ExCircleTimer */;
			targetProxy = 4AA22592274DF5AC0017C2C4 /* PBXContainerItemProxy */;
		};
		4AA2259D274DF5AC0017C2C4 /* PBXTargetDependency */ = {
			isa = PBXTargetDependency;
			target = 4AA2257A274DF5AB0017C2C4 /* ExCircleTimer */;
			targetProxy = 4AA2259C274DF5AC0017C2C4 /* PBXContainerItemProxy */;
		};
/* End PBXTargetDependency section */

/* Begin PBXVariantGroup section */
		4AA22589274DF5AC0017C2C4 /* LaunchScreen.storyboard */ = {
			isa = PBXVariantGroup;
			children = (
				4AA2258A274DF5AC0017C2C4 /* Base */,
			);
			name = LaunchScreen.storyboard;
			sourceTree = "<group>";
		};
/* End PBXVariantGroup section */

/* Begin XCBuildConfiguration section */
		4AA225A3274DF5AC0017C2C4 /* Debug */ = {
			isa = XCBuildConfiguration;
			buildSettings = {
				ALWAYS_SEARCH_USER_PATHS = NO;
				CLANG_ANALYZER_NONNULL = YES;
				CLANG_ANALYZER_NUMBER_OBJECT_CONVERSION = YES_AGGRESSIVE;
				CLANG_CXX_LANGUAGE_STANDARD = "gnu++17";
				CLANG_CXX_LIBRARY = "libc++";
				CLANG_ENABLE_MODULES = YES;
				CLANG_ENABLE_OBJC_ARC = YES;
				CLANG_ENABLE_OBJC_WEAK = YES;
				CLANG_WARN_BLOCK_CAPTURE_AUTORELEASING = YES;
				CLANG_WARN_BOOL_CONVERSION = YES;
				CLANG_WARN_COMMA = YES;
				CLANG_WARN_CONSTANT_CONVERSION = YES;
				CLANG_WARN_DEPRECATED_OBJC_IMPLEMENTATIONS = YES;
				CLANG_WARN_DIRECT_OBJC_ISA_USAGE = YES_ERROR;
				CLANG_WARN_DOCUMENTATION_COMMENTS = YES;
				CLANG_WARN_EMPTY_BODY = YES;
				CLANG_WARN_ENUM_CONVERSION = YES;
				CLANG_WARN_INFINITE_RECURSION = YES;
				CLANG_WARN_INT_CONVERSION = YES;
				CLANG_WARN_NON_LITERAL_NULL_CONVERSION = YES;
				CLANG_WARN_OBJC_IMPLICIT_RETAIN_SELF = YES;
				CLANG_WARN_OBJC_LITERAL_CONVERSION = YES;
				CLANG_WARN_OBJC_ROOT_CLASS = YES_ERROR;
				CLANG_WARN_QUOTED_INCLUDE_IN_FRAMEWORK_HEADER = YES;
				CLANG_WARN_RANGE_LOOP_ANALYSIS = YES;
				CLANG_WARN_STRICT_PROTOTYPES = YES;
				CLANG_WARN_SUSPICIOUS_MOVE = YES;
				CLANG_WARN_UNGUARDED_AVAILABILITY = YES_AGGRESSIVE;
				CLANG_WARN_UNREACHABLE_CODE = YES;
				CLANG_WARN__DUPLICATE_METHOD_MATCH = YES;
				COPY_PHASE_STRIP = NO;
				DEBUG_INFORMATION_FORMAT = dwarf;
				ENABLE_STRICT_OBJC_MSGSEND = YES;
				ENABLE_TESTABILITY = YES;
				GCC_C_LANGUAGE_STANDARD = gnu11;
				GCC_DYNAMIC_NO_PIC = NO;
				GCC_NO_COMMON_BLOCKS = YES;
				GCC_OPTIMIZATION_LEVEL = 0;
				GCC_PREPROCESSOR_DEFINITIONS = (
					"DEBUG=1",
					"$(inherited)",
				);
				GCC_WARN_64_TO_32_BIT_CONVERSION = YES;
				GCC_WARN_ABOUT_RETURN_TYPE = YES_ERROR;
				GCC_WARN_UNDECLARED_SELECTOR = YES;
				GCC_WARN_UNINITIALIZED_AUTOS = YES_AGGRESSIVE;
				GCC_WARN_UNUSED_FUNCTION = YES;
				GCC_WARN_UNUSED_VARIABLE = YES;
				IPHONEOS_DEPLOYMENT_TARGET = 15.0;
				MTL_ENABLE_DEBUG_INFO = INCLUDE_SOURCE;
				MTL_FAST_MATH = YES;
				ONLY_ACTIVE_ARCH = YES;
				SDKROOT = iphoneos;
				SWIFT_ACTIVE_COMPILATION_CONDITIONS = DEBUG;
				SWIFT_OPTIMIZATION_LEVEL = "-Onone";
			};
			name = Debug;
		};
		4AA225A4274DF5AC0017C2C4 /* Release */ = {
			isa = XCBuildConfiguration;
			buildSettings = {
				ALWAYS_SEARCH_USER_PATHS = NO;
				CLANG_ANALYZER_NONNULL = YES;
				CLANG_ANALYZER_NUMBER_OBJECT_CONVERSION = YES_AGGRESSIVE;
				CLANG_CXX_LANGUAGE_STANDARD = "gnu++17";
				CLANG_CXX_LIBRARY = "libc++";
				CLANG_ENABLE_MODULES = YES;
				CLANG_ENABLE_OBJC_ARC = YES;
				CLANG_ENABLE_OBJC_WEAK = YES;
				CLANG_WARN_BLOCK_CAPTURE_AUTORELEASING = YES;
				CLANG_WARN_BOOL_CONVERSION = YES;
				CLANG_WARN_COMMA = YES;
				CLANG_WARN_CONSTANT_CONVERSION = YES;
				CLANG_WARN_DEPRECATED_OBJC_IMPLEMENTATIONS = YES;
				CLANG_WARN_DIRECT_OBJC_ISA_USAGE = YES_ERROR;
				CLANG_WARN_DOCUMENTATION_COMMENTS = YES;
				CLANG_WARN_EMPTY_BODY = YES;
				CLANG_WARN_ENUM_CONVERSION = YES;
				CLANG_WARN_INFINITE_RECURSION = YES;
				CLANG_WARN_INT_CONVERSION = YES;
				CLANG_WARN_NON_LITERAL_NULL_CONVERSION = YES;
				CLANG_WARN_OBJC_IMPLICIT_RETAIN_SELF = YES;
				CLANG_WARN_OBJC_LITERAL_CONVERSION = YES;
				CLANG_WARN_OBJC_ROOT_CLASS = YES_ERROR;
				CLANG_WARN_QUOTED_INCLUDE_IN_FRAMEWORK_HEADER = YES;
				CLANG_WARN_RANGE_LOOP_ANALYSIS = YES;
				CLANG_WARN_STRICT_PROTOTYPES = YES;
				CLANG_WARN_SUSPICIOUS_MOVE = YES;
				CLANG_WARN_UNGUARDED_AVAILABILITY = YES_AGGRESSIVE;
				CLANG_WARN_UNREACHABLE_CODE = YES;
				CLANG_WARN__DUPLICATE_METHOD_MATCH = YES;
				COPY_PHASE_STRIP = NO;
				DEBUG_INFORMATION_FORMAT = "dwarf-with-dsym";
				ENABLE_NS_ASSERTIONS = NO;
				ENABLE_STRICT_OBJC_MSGSEND = YES;
				GCC_C_LANGUAGE_STANDARD = gnu11;
				GCC_NO_COMMON_BLOCKS = YES;
				GCC_WARN_64_TO_32_BIT_CONVERSION = YES;
				GCC_WARN_ABOUT_RETURN_TYPE = YES_ERROR;
				GCC_WARN_UNDECLARED_SELECTOR = YES;
				GCC_WARN_UNINITIALIZED_AUTOS = YES_AGGRESSIVE;
				GCC_WARN_UNUSED_FUNCTION = YES;
				GCC_WARN_UNUSED_VARIABLE = YES;
				IPHONEOS_DEPLOYMENT_TARGET = 15.0;
				MTL_ENABLE_DEBUG_INFO = NO;
				MTL_FAST_MATH = YES;
				SDKROOT = iphoneos;
				SWIFT_COMPILATION_MODE = wholemodule;
				SWIFT_OPTIMIZATION_LEVEL = "-O";
				VALIDATE_PRODUCT = YES;
			};
			name = Release;
		};
		4AA225A6274DF5AC0017C2C4 /* Debug */ = {
			isa = XCBuildConfiguration;
			buildSettings = {
				ASSETCATALOG_COMPILER_APPICON_NAME = AppIcon;
				ASSETCATALOG_COMPILER_GLOBAL_ACCENT_COLOR_NAME = AccentColor;
				CODE_SIGN_STYLE = Automatic;
				CURRENT_PROJECT_VERSION = 1;
				DEVELOPMENT_TEAM = SS7U83UJNK;
				GENERATE_INFOPLIST_FILE = YES;
				INFOPLIST_FILE = ExCircleTimer/Resource/Info.plist;
				INFOPLIST_KEY_UIApplicationSupportsIndirectInputEvents = YES;
				INFOPLIST_KEY_UILaunchStoryboardName = LaunchScreen;
				INFOPLIST_KEY_UISupportedInterfaceOrientations_iPad = "UIInterfaceOrientationPortrait UIInterfaceOrientationPortraitUpsideDown UIInterfaceOrientationLandscapeLeft UIInterfaceOrientationLandscapeRight";
				INFOPLIST_KEY_UISupportedInterfaceOrientations_iPhone = "UIInterfaceOrientationPortrait UIInterfaceOrientationLandscapeLeft UIInterfaceOrientationLandscapeRight";
				LD_RUNPATH_SEARCH_PATHS = (
					"$(inherited)",
					"@executable_path/Frameworks",
				);
				MARKETING_VERSION = 1.0;
				PRODUCT_BUNDLE_IDENTIFIER = com.jake.ExCircleTimer;
				PRODUCT_NAME = "$(TARGET_NAME)";
				SWIFT_EMIT_LOC_STRINGS = YES;
				SWIFT_VERSION = 5.0;
				TARGETED_DEVICE_FAMILY = "1,2";
			};
			name = Debug;
		};
		4AA225A7274DF5AC0017C2C4 /* Release */ = {
			isa = XCBuildConfiguration;
			buildSettings = {
				ASSETCATALOG_COMPILER_APPICON_NAME = AppIcon;
				ASSETCATALOG_COMPILER_GLOBAL_ACCENT_COLOR_NAME = AccentColor;
				CODE_SIGN_STYLE = Automatic;
				CURRENT_PROJECT_VERSION = 1;
				DEVELOPMENT_TEAM = SS7U83UJNK;
				GENERATE_INFOPLIST_FILE = YES;
				INFOPLIST_FILE = ExCircleTimer/Resource/Info.plist;
				INFOPLIST_KEY_UIApplicationSupportsIndirectInputEvents = YES;
				INFOPLIST_KEY_UILaunchStoryboardName = LaunchScreen;
				INFOPLIST_KEY_UISupportedInterfaceOrientations_iPad = "UIInterfaceOrientationPortrait UIInterfaceOrientationPortraitUpsideDown UIInterfaceOrientationLandscapeLeft UIInterfaceOrientationLandscapeRight";
				INFOPLIST_KEY_UISupportedInterfaceOrientations_iPhone = "UIInterfaceOrientationPortrait UIInterfaceOrientationLandscapeLeft UIInterfaceOrientationLandscapeRight";
				LD_RUNPATH_SEARCH_PATHS = (
					"$(inherited)",
					"@executable_path/Frameworks",
				);
				MARKETING_VERSION = 1.0;
				PRODUCT_BUNDLE_IDENTIFIER = com.jake.ExCircleTimer;
				PRODUCT_NAME = "$(TARGET_NAME)";
				SWIFT_EMIT_LOC_STRINGS = YES;
				SWIFT_VERSION = 5.0;
				TARGETED_DEVICE_FAMILY = "1,2";
			};
			name = Release;
		};
		4AA225A9274DF5AC0017C2C4 /* Debug */ = {
			isa = XCBuildConfiguration;
			buildSettings = {
				ALWAYS_EMBED_SWIFT_STANDARD_LIBRARIES = YES;
				BUNDLE_LOADER = "$(TEST_HOST)";
				CODE_SIGN_STYLE = Automatic;
				CURRENT_PROJECT_VERSION = 1;
				DEVELOPMENT_TEAM = SS7U83UJNK;
				GENERATE_INFOPLIST_FILE = YES;
				IPHONEOS_DEPLOYMENT_TARGET = 15.0;
				LD_RUNPATH_SEARCH_PATHS = (
					"$(inherited)",
					"@executable_path/Frameworks",
					"@loader_path/Frameworks",
				);
				MARKETING_VERSION = 1.0;
				PRODUCT_BUNDLE_IDENTIFIER = com.jake.ExCircleTimerTests;
				PRODUCT_NAME = "$(TARGET_NAME)";
				SWIFT_EMIT_LOC_STRINGS = NO;
				SWIFT_VERSION = 5.0;
				TARGETED_DEVICE_FAMILY = "1,2";
				TEST_HOST = "$(BUILT_PRODUCTS_DIR)/ExCircleTimer.app/ExCircleTimer";
			};
			name = Debug;
		};
		4AA225AA274DF5AC0017C2C4 /* Release */ = {
			isa = XCBuildConfiguration;
			buildSettings = {
				ALWAYS_EMBED_SWIFT_STANDARD_LIBRARIES = YES;
				BUNDLE_LOADER = "$(TEST_HOST)";
				CODE_SIGN_STYLE = Automatic;
				CURRENT_PROJECT_VERSION = 1;
				DEVELOPMENT_TEAM = SS7U83UJNK;
				GENERATE_INFOPLIST_FILE = YES;
				IPHONEOS_DEPLOYMENT_TARGET = 15.0;
				LD_RUNPATH_SEARCH_PATHS = (
					"$(inherited)",
					"@executable_path/Frameworks",
					"@loader_path/Frameworks",
				);
				MARKETING_VERSION = 1.0;
				PRODUCT_BUNDLE_IDENTIFIER = com.jake.ExCircleTimerTests;
				PRODUCT_NAME = "$(TARGET_NAME)";
				SWIFT_EMIT_LOC_STRINGS = NO;
				SWIFT_VERSION = 5.0;
				TARGETED_DEVICE_FAMILY = "1,2";
				TEST_HOST = "$(BUILT_PRODUCTS_DIR)/ExCircleTimer.app/ExCircleTimer";
			};
			name = Release;
		};
		4AA225AC274DF5AC0017C2C4 /* Debug */ = {
			isa = XCBuildConfiguration;
			buildSettings = {
				ALWAYS_EMBED_SWIFT_STANDARD_LIBRARIES = YES;
				CODE_SIGN_STYLE = Automatic;
				CURRENT_PROJECT_VERSION = 1;
				DEVELOPMENT_TEAM = SS7U83UJNK;
				GENERATE_INFOPLIST_FILE = YES;
				LD_RUNPATH_SEARCH_PATHS = (
					"$(inherited)",
					"@executable_path/Frameworks",
					"@loader_path/Frameworks",
				);
				MARKETING_VERSION = 1.0;
				PRODUCT_BUNDLE_IDENTIFIER = com.jake.ExCircleTimerUITests;
				PRODUCT_NAME = "$(TARGET_NAME)";
				SWIFT_EMIT_LOC_STRINGS = NO;
				SWIFT_VERSION = 5.0;
				TARGETED_DEVICE_FAMILY = "1,2";
				TEST_TARGET_NAME = ExCircleTimer;
			};
			name = Debug;
		};
		4AA225AD274DF5AC0017C2C4 /* Release */ = {
			isa = XCBuildConfiguration;
			buildSettings = {
				ALWAYS_EMBED_SWIFT_STANDARD_LIBRARIES = YES;
				CODE_SIGN_STYLE = Automatic;
				CURRENT_PROJECT_VERSION = 1;
				DEVELOPMENT_TEAM = SS7U83UJNK;
				GENERATE_INFOPLIST_FILE = YES;
				LD_RUNPATH_SEARCH_PATHS = (
					"$(inherited)",
					"@executable_path/Frameworks",
					"@loader_path/Frameworks",
				);
				MARKETING_VERSION = 1.0;
				PRODUCT_BUNDLE_IDENTIFIER = com.jake.ExCircleTimerUITests;
				PRODUCT_NAME = "$(TARGET_NAME)";
				SWIFT_EMIT_LOC_STRINGS = NO;
				SWIFT_VERSION = 5.0;
				TARGETED_DEVICE_FAMILY = "1,2";
				TEST_TARGET_NAME = ExCircleTimer;
			};
			name = Release;
		};
/* End XCBuildConfiguration section */

/* Begin XCConfigurationList section */
		4AA22576274DF5AB0017C2C4 /* Build configuration list for PBXProject "ExCircleTimer" */ = {
			isa = XCConfigurationList;
			buildConfigurations = (
				4AA225A3274DF5AC0017C2C4 /* Debug */,
				4AA225A4274DF5AC0017C2C4 /* Release */,
			);
			defaultConfigurationIsVisible = 0;
			defaultConfigurationName = Release;
		};
		4AA225A5274DF5AC0017C2C4 /* Build configuration list for PBXNativeTarget "ExCircleTimer" */ = {
			isa = XCConfigurationList;
			buildConfigurations = (
				4AA225A6274DF5AC0017C2C4 /* Debug */,
				4AA225A7274DF5AC0017C2C4 /* Release */,
			);
			defaultConfigurationIsVisible = 0;
			defaultConfigurationName = Release;
		};
		4AA225A8274DF5AC0017C2C4 /* Build configuration list for PBXNativeTarget "ExCircleTimerTests" */ = {
			isa = XCConfigurationList;
			buildConfigurations = (
				4AA225A9274DF5AC0017C2C4 /* Debug */,
				4AA225AA274DF5AC0017C2C4 /* Release */,
			);
			defaultConfigurationIsVisible = 0;
			defaultConfigurationName = Release;
		};
		4AA225AB274DF5AC0017C2C4 /* Build configuration list for PBXNativeTarget "ExCircleTimerUITests" */ = {
			isa = XCConfigurationList;
			buildConfigurations = (
				4AA225AC274DF5AC0017C2C4 /* Debug */,
				4AA225AD274DF5AC0017C2C4 /* Release */,
			);
			defaultConfigurationIsVisible = 0;
			defaultConfigurationName = Release;
		};
/* End XCConfigurationList section */
	};
	rootObject = 4AA22573274DF5AB0017C2C4 /* Project object */;
}
